{
  "name": "bord",
  "lockfileVersion": 3,
  "requires": true,
  "packages": {
    "": {
      "devDependencies": {
        "php-parser": "^3.7.0"
      }
    },
    "node_modules/php-parser": {
      "version": "3.7.0",
      "resolved": "https://registry.npmjs.org/php-parser/-/php-parser-3.7.0.tgz",
      "integrity": "sha512-JRc1t78GZAEa+MuzVC5A5RJS1NDFTS4UnprUEu/NnsN9cyHbGZLUqghO9IQZUSCay62HYQiWd3PxyWAEF45zmA==",
      "dev": true,
      "license": "BSD-3-Clause"
    }
  }
}
